lockfileVersion: "9.0"

settings:
  autoInstallPeers: true
  excludeLinksFromLockfile: false

importers:
  .:
    dependencies:
      "@libsql/client":
        specifier: ^0.15.15
        version: 0.15.15
      "@mantine/core":
        specifier: ^8.3.10
        version: 8.3.10(@mantine/hooks@8.3.10(react@19.2.3))(@types/react@19.2.7)(react-dom@19.2.3(react@19.2.3))(react@19.2.3)
      "@mantine/hooks":
        specifier: ^8.3.10
        version: 8.3.10(react@19.2.3)
      "@vercel/speed-insights":
        specifier: ^1.3.1
        version: 1.3.1(next@16.1.0(react-dom@19.2.3(react@19.2.3))(react@19.2.3))(react@19.2.3)
      next:
        specifier: ^16.1.0
        version: 16.1.0(react-dom@19.2.3(react@19.2.3))(react@19.2.3)
      react:
        specifier: ^19.2.3
        version: 19.2.3
      react-dom:
        specifier: ^19.2.3
        version: 19.2.3(react@19.2.3)
      react-icons:
        specifier: ^5.5.0
        version: 5.5.0(react@19.2.3)
    devDependencies:
      "@types/better-sqlite3":
        specifier: ^7.6.13
        version: 7.6.13
      "@types/node":
        specifier: 24.9.1
        version: 24.9.1
      "@types/react":
        specifier: ^19.2.7
        version: 19.2.7
      "@types/react-dom":
        specifier: ^19.2.3
        version: 19.2.3(@types/react@19.2.7)
      postcss:
        specifier: ^8.5.6
        version: 8.5.6
      postcss-preset-mantine:
        specifier: ^1.18.0
        version: 1.18.0(postcss@8.5.6)
      postcss-simple-vars:
        specifier: ^7.0.1
        version: 7.0.1(postcss@8.5.6)
      prettier:
        specifier: ^3.7.4
        version: 3.7.4
      typescript:
        specifier: 5.9.3
        version: 5.9.3

packages:
  "@babel/runtime@7.28.4":
    resolution:
      { integrity: sha512-Q/N6JNWvIvPnLDvjlE1OUBLPQHH6l3CltCEsHIujp45zQUSSh8K+gHnaEX45yAT1nyngnINhvWtzN+Nb9D8RAQ== }
    engines: { node: ">=6.9.0" }

  "@emnapi/runtime@1.7.1":
    resolution:
      { integrity: sha512-PVtJr5CmLwYAU9PZDMITZoR5iAOShYREoR45EyyLrbntV50mdePTgUn4AmOw90Ifcj+x2kRjdzr1HP3RrNiHGA== }

  "@floating-ui/core@1.7.3":
    resolution:
      { integrity: sha512-sGnvb5dmrJaKEZ+LDIpguvdX3bDlEllmv4/ClQ9awcmCZrlx5jQyyMWFM5kBI+EyNOCDDiKk8il0zeuX3Zlg/w== }

  "@floating-ui/dom@1.7.4":
    resolution:
      { integrity: sha512-OOchDgh4F2CchOX94cRVqhvy7b3AFb+/rQXyswmzmGakRfkMgoWVjfnLWkRirfLEfuD4ysVW16eXzwt3jHIzKA== }

  "@floating-ui/react-dom@2.1.6":
    resolution:
      { integrity: sha512-4JX6rEatQEvlmgU80wZyq9RT96HZJa88q8hp0pBd+LrczeDI4o6uA2M+uvxngVHo4Ihr8uibXxH6+70zhAFrVw== }
    peerDependencies:
      react: ">=16.8.0"
      react-dom: ">=16.8.0"

  "@floating-ui/react@0.27.16":
    resolution:
      { integrity: sha512-9O8N4SeG2z++TSM8QA/KTeKFBVCNEz/AGS7gWPJf6KFRzmRWixFRnCnkPHRDwSVZW6QPDO6uT0P2SpWNKCc9/g== }
    peerDependencies:
      react: ">=17.0.0"
      react-dom: ">=17.0.0"

  "@floating-ui/utils@0.2.10":
    resolution:
      { integrity: sha512-aGTxbpbg8/b5JfU1HXSrbH3wXZuLPJcNEcZQFMxLs3oSzgtVu6nFPkbbGGUvBcUjKV2YyB9Wxxabo+HEH9tcRQ== }

  "@img/colour@1.0.0":
    resolution:
      { integrity: sha512-A5P/LfWGFSl6nsckYtjw9da+19jB8hkJ6ACTGcDfEJ0aE+l2n2El7dsVM7UVHZQ9s2lmYMWlrS21YLy2IR1LUw== }
    engines: { node: ">=18" }

  "@img/sharp-darwin-arm64@0.34.5":
    resolution:
      { integrity: sha512-imtQ3WMJXbMY4fxb/Ndp6HBTNVtWCUI0WdobyheGf5+ad6xX8VIDO8u2xE4qc/fr08CKG/7dDseFtn6M6g/r3w== }
    engines: { node: ^18.17.0 || ^20.3.0 || >=21.0.0 }
    cpu: [arm64]
    os: [darwin]

  "@img/sharp-darwin-x64@0.34.5":
    resolution:
      { integrity: sha512-YNEFAF/4KQ/PeW0N+r+aVVsoIY0/qxxikF2SWdp+NRkmMB7y9LBZAVqQ4yhGCm/H3H270OSykqmQMKLBhBJDEw== }
    engines: { node: ^18.17.0 || ^20.3.0 || >=21.0.0 }
    cpu: [x64]
    os: [darwin]

  "@img/sharp-libvips-darwin-arm64@1.2.4":
    resolution:
      { integrity: sha512-zqjjo7RatFfFoP0MkQ51jfuFZBnVE2pRiaydKJ1G/rHZvnsrHAOcQALIi9sA5co5xenQdTugCvtb1cuf78Vf4g== }
    cpu: [arm64]
    os: [darwin]

  "@img/sharp-libvips-darwin-x64@1.2.4":
    resolution:
      { integrity: sha512-1IOd5xfVhlGwX+zXv2N93k0yMONvUlANylbJw1eTah8K/Jtpi15KC+WSiaX/nBmbm2HxRM1gZ0nSdjSsrZbGKg== }
    cpu: [x64]
    os: [darwin]

  "@img/sharp-libvips-linux-arm64@1.2.4":
    resolution:
      { integrity: sha512-excjX8DfsIcJ10x1Kzr4RcWe1edC9PquDRRPx3YVCvQv+U5p7Yin2s32ftzikXojb1PIFc/9Mt28/y+iRklkrw== }
    cpu: [arm64]
    os: [linux]

  "@img/sharp-libvips-linux-arm@1.2.4":
    resolution:
      { integrity: sha512-bFI7xcKFELdiNCVov8e44Ia4u2byA+l3XtsAj+Q8tfCwO6BQ8iDojYdvoPMqsKDkuoOo+X6HZA0s0q11ANMQ8A== }
    cpu: [arm]
    os: [linux]

  "@img/sharp-libvips-linux-ppc64@1.2.4":
    resolution:
      { integrity: sha512-FMuvGijLDYG6lW+b/UvyilUWu5Ayu+3r2d1S8notiGCIyYU/76eig1UfMmkZ7vwgOrzKzlQbFSuQfgm7GYUPpA== }
    cpu: [ppc64]
    os: [linux]

  "@img/sharp-libvips-linux-riscv64@1.2.4":
    resolution:
      { integrity: sha512-oVDbcR4zUC0ce82teubSm+x6ETixtKZBh/qbREIOcI3cULzDyb18Sr/Wcyx7NRQeQzOiHTNbZFF1UwPS2scyGA== }
    cpu: [riscv64]
    os: [linux]

  "@img/sharp-libvips-linux-s390x@1.2.4":
    resolution:
      { integrity: sha512-qmp9VrzgPgMoGZyPvrQHqk02uyjA0/QrTO26Tqk6l4ZV0MPWIW6LTkqOIov+J1yEu7MbFQaDpwdwJKhbJvuRxQ== }
    cpu: [s390x]
    os: [linux]

  "@img/sharp-libvips-linux-x64@1.2.4":
    resolution:
      { integrity: sha512-tJxiiLsmHc9Ax1bz3oaOYBURTXGIRDODBqhveVHonrHJ9/+k89qbLl0bcJns+e4t4rvaNBxaEZsFtSfAdquPrw== }
    cpu: [x64]
    os: [linux]

  "@img/sharp-libvips-linuxmusl-arm64@1.2.4":
    resolution:
      { integrity: sha512-FVQHuwx1IIuNow9QAbYUzJ+En8KcVm9Lk5+uGUQJHaZmMECZmOlix9HnH7n1TRkXMS0pGxIJokIVB9SuqZGGXw== }
    cpu: [arm64]
    os: [linux]

  "@img/sharp-libvips-linuxmusl-x64@1.2.4":
    resolution:
      { integrity: sha512-+LpyBk7L44ZIXwz/VYfglaX/okxezESc6UxDSoyo2Ks6Jxc4Y7sGjpgU9s4PMgqgjj1gZCylTieNamqA1MF7Dg== }
    cpu: [x64]
    os: [linux]

  "@img/sharp-linux-arm64@0.34.5":
    resolution:
      { integrity: sha512-bKQzaJRY/bkPOXyKx5EVup7qkaojECG6NLYswgktOZjaXecSAeCWiZwwiFf3/Y+O1HrauiE3FVsGxFg8c24rZg== }
    engines: { node: ^18.17.0 || ^20.3.0 || >=21.0.0 }
    cpu: [arm64]
    os: [linux]

  "@img/sharp-linux-arm@0.34.5":
    resolution:
      { integrity: sha512-9dLqsvwtg1uuXBGZKsxem9595+ujv0sJ6Vi8wcTANSFpwV/GONat5eCkzQo/1O6zRIkh0m/8+5BjrRr7jDUSZw== }
    engines: { node: ^18.17.0 || ^20.3.0 || >=21.0.0 }
    cpu: [arm]
    os: [linux]

  "@img/sharp-linux-ppc64@0.34.5":
    resolution:
      { integrity: sha512-7zznwNaqW6YtsfrGGDA6BRkISKAAE1Jo0QdpNYXNMHu2+0dTrPflTLNkpc8l7MUP5M16ZJcUvysVWWrMefZquA== }
    engines: { node: ^18.17.0 || ^20.3.0 || >=21.0.0 }
    cpu: [ppc64]
    os: [linux]

  "@img/sharp-linux-riscv64@0.34.5":
    resolution:
      { integrity: sha512-51gJuLPTKa7piYPaVs8GmByo7/U7/7TZOq+cnXJIHZKavIRHAP77e3N2HEl3dgiqdD/w0yUfiJnII77PuDDFdw== }
    engines: { node: ^18.17.0 || ^20.3.0 || >=21.0.0 }
    cpu: [riscv64]
    os: [linux]

  "@img/sharp-linux-s390x@0.34.5":
    resolution:
      { integrity: sha512-nQtCk0PdKfho3eC5MrbQoigJ2gd1CgddUMkabUj+rBevs8tZ2cULOx46E7oyX+04WGfABgIwmMC0VqieTiR4jg== }
    engines: { node: ^18.17.0 || ^20.3.0 || >=21.0.0 }
    cpu: [s390x]
    os: [linux]

  "@img/sharp-linux-x64@0.34.5":
    resolution:
      { integrity: sha512-MEzd8HPKxVxVenwAa+JRPwEC7QFjoPWuS5NZnBt6B3pu7EG2Ge0id1oLHZpPJdn3OQK+BQDiw9zStiHBTJQQQQ== }
    engines: { node: ^18.17.0 || ^20.3.0 || >=21.0.0 }
    cpu: [x64]
    os: [linux]

  "@img/sharp-linuxmusl-arm64@0.34.5":
    resolution:
      { integrity: sha512-fprJR6GtRsMt6Kyfq44IsChVZeGN97gTD331weR1ex1c1rypDEABN6Tm2xa1wE6lYb5DdEnk03NZPqA7Id21yg== }
    engines: { node: ^18.17.0 || ^20.3.0 || >=21.0.0 }
    cpu: [arm64]
    os: [linux]

  "@img/sharp-linuxmusl-x64@0.34.5":
    resolution:
      { integrity: sha512-Jg8wNT1MUzIvhBFxViqrEhWDGzqymo3sV7z7ZsaWbZNDLXRJZoRGrjulp60YYtV4wfY8VIKcWidjojlLcWrd8Q== }
    engines: { node: ^18.17.0 || ^20.3.0 || >=21.0.0 }
    cpu: [x64]
    os: [linux]

  "@img/sharp-wasm32@0.34.5":
    resolution:
      { integrity: sha512-OdWTEiVkY2PHwqkbBI8frFxQQFekHaSSkUIJkwzclWZe64O1X4UlUjqqqLaPbUpMOQk6FBu/HtlGXNblIs0huw== }
    engines: { node: ^18.17.0 || ^20.3.0 || >=21.0.0 }
    cpu: [wasm32]

  "@img/sharp-win32-arm64@0.34.5":
    resolution:
      { integrity: sha512-WQ3AgWCWYSb2yt+IG8mnC6Jdk9Whs7O0gxphblsLvdhSpSTtmu69ZG1Gkb6NuvxsNACwiPV6cNSZNzt0KPsw7g== }
    engines: { node: ^18.17.0 || ^20.3.0 || >=21.0.0 }
    cpu: [arm64]
    os: [win32]

  "@img/sharp-win32-ia32@0.34.5":
    resolution:
      { integrity: sha512-FV9m/7NmeCmSHDD5j4+4pNI8Cp3aW+JvLoXcTUo0IqyjSfAZJ8dIUmijx1qaJsIiU+Hosw6xM5KijAWRJCSgNg== }
    engines: { node: ^18.17.0 || ^20.3.0 || >=21.0.0 }
    cpu: [ia32]
    os: [win32]

  "@img/sharp-win32-x64@0.34.5":
    resolution:
      { integrity: sha512-+29YMsqY2/9eFEiW93eqWnuLcWcufowXewwSNIT6UwZdUUCrM3oFjMWH/Z6/TMmb4hlFenmfAVbpWeup2jryCw== }
    engines: { node: ^18.17.0 || ^20.3.0 || >=21.0.0 }
    cpu: [x64]
    os: [win32]

  "@libsql/client@0.15.15":
    resolution:
      { integrity: sha512-twC0hQxPNHPKfeOv3sNT6u2pturQjLcI+CnpTM0SjRpocEGgfiZ7DWKXLNnsothjyJmDqEsBQJ5ztq9Wlu470w== }

  "@libsql/core@0.15.15":
    resolution:
      { integrity: sha512-C88Z6UKl+OyuKKPwz224riz02ih/zHYI3Ho/LAcVOgjsunIRZoBw7fjRfaH9oPMmSNeQfhGklSG2il1URoOIsA== }

  "@libsql/darwin-arm64@0.5.22":
    resolution:
      { integrity: sha512-4B8ZlX3nIDPndfct7GNe0nI3Yw6ibocEicWdC4fvQbSs/jdq/RC2oCsoJxJ4NzXkvktX70C1J4FcmmoBy069UA== }
    cpu: [arm64]
    os: [darwin]

  "@libsql/darwin-x64@0.5.22":
    resolution:
      { integrity: sha512-ny2HYWt6lFSIdNFzUFIJ04uiW6finXfMNJ7wypkAD8Pqdm6nAByO+Fdqu8t7sD0sqJGeUCiOg480icjyQ2/8VA== }
    cpu: [x64]
    os: [darwin]

  "@libsql/hrana-client@0.7.0":
    resolution:
      { integrity: sha512-OF8fFQSkbL7vJY9rfuegK1R7sPgQ6kFMkDamiEccNUvieQ+3urzfDFI616oPl8V7T9zRmnTkSjMOImYCAVRVuw== }

  "@libsql/isomorphic-fetch@0.3.1":
    resolution:
      { integrity: sha512-6kK3SUK5Uu56zPq/Las620n5aS9xJq+jMBcNSOmjhNf/MUvdyji4vrMTqD7ptY7/4/CAVEAYDeotUz60LNQHtw== }
    engines: { node: ">=18.0.0" }

  "@libsql/isomorphic-ws@0.1.5":
    resolution:
      { integrity: sha512-DtLWIH29onUYR00i0GlQ3UdcTRC6EP4u9w/h9LxpUZJWRMARk6dQwZ6Jkd+QdwVpuAOrdxt18v0K2uIYR3fwFg== }

  "@libsql/linux-arm-gnueabihf@0.5.22":
    resolution:
      { integrity: sha512-3Uo3SoDPJe/zBnyZKosziRGtszXaEtv57raWrZIahtQDsjxBVjuzYQinCm9LRCJCUT5t2r5Z5nLDPJi2CwZVoA== }
    cpu: [arm]
    os: [linux]

  "@libsql/linux-arm-musleabihf@0.5.22":
    resolution:
      { integrity: sha512-LCsXh07jvSojTNJptT9CowOzwITznD+YFGGW+1XxUr7fS+7/ydUrpDfsMX7UqTqjm7xG17eq86VkWJgHJfvpNg== }
    cpu: [arm]
    os: [linux]

  "@libsql/linux-arm64-gnu@0.5.22":
    resolution:
      { integrity: sha512-KSdnOMy88c9mpOFKUEzPskSaF3VLflfSUCBwas/pn1/sV3pEhtMF6H8VUCd2rsedwoukeeCSEONqX7LLnQwRMA== }
    cpu: [arm64]
    os: [linux]

  "@libsql/linux-arm64-musl@0.5.22":
    resolution:
      { integrity: sha512-mCHSMAsDTLK5YH//lcV3eFEgiR23Ym0U9oEvgZA0667gqRZg/2px+7LshDvErEKv2XZ8ixzw3p1IrBzLQHGSsw== }
    cpu: [arm64]
    os: [linux]

  "@libsql/linux-x64-gnu@0.5.22":
    resolution:
      { integrity: sha512-kNBHaIkSg78Y4BqAdgjcR2mBilZXs4HYkAmi58J+4GRwDQZh5fIUWbnQvB9f95DkWUIGVeenqLRFY2pcTmlsew== }
    cpu: [x64]
    os: [linux]

  "@libsql/linux-x64-musl@0.5.22":
    resolution:
      { integrity: sha512-UZ4Xdxm4pu3pQXjvfJiyCzZop/9j/eA2JjmhMaAhe3EVLH2g11Fy4fwyUp9sT1QJYR1kpc2JLuybPM0kuXv/Tg== }
    cpu: [x64]
    os: [linux]

  "@libsql/win32-x64-msvc@0.5.22":
    resolution:
      { integrity: sha512-Fj0j8RnBpo43tVZUVoNK6BV/9AtDUM5S7DF3LB4qTYg1LMSZqi3yeCneUTLJD6XomQJlZzbI4mst89yspVSAnA== }
    cpu: [x64]
    os: [win32]

  "@mantine/core@8.3.10":
    resolution:
      { integrity: sha512-aKQFETN14v6GtM07b/G5yJneMM1yrgf9mNrTah6GVy5DvQM0AeutITT7toHqh5gxxwzdg/DoY+HQsv5zhqnc5g== }
    peerDependencies:
      "@mantine/hooks": 8.3.10
      react: ^18.x || ^19.x
      react-dom: ^18.x || ^19.x

  "@mantine/hooks@8.3.10":
    resolution:
      { integrity: sha512-bv+yYHl+keTIvakiDzVJMIjW+o8/Px0G3EdpCMFG+U2ux6SwQqluqoq+/kqrTtT6RaLvQ0fMxjpIULF2cu/xAg== }
    peerDependencies:
      react: ^18.x || ^19.x

  "@neon-rs/load@0.0.4":
    resolution:
      { integrity: sha512-kTPhdZyTQxB+2wpiRcFWrDcejc4JI6tkPuS7UZCG4l6Zvc5kU/gGQ/ozvHTh1XR5tS+UlfAfGuPajjzQjCiHCw== }

  "@next/env@16.1.0":
    resolution:
      { integrity: sha512-Dd23XQeFHmhf3KBW76leYVkejHlCdB7erakC2At2apL1N08Bm+dLYNP+nNHh0tzUXfPQcNcXiQyacw0PG4Fcpw== }

  "@next/swc-darwin-arm64@16.1.0":
    resolution:
      { integrity: sha512-onHq8dl8KjDb8taANQdzs3XmIqQWV3fYdslkGENuvVInFQzZnuBYYOG2HGHqqtvgmEU7xWzhgndXXxnhk4Z3fQ== }
    engines: { node: ">= 10" }
    cpu: [arm64]
    os: [darwin]

  "@next/swc-darwin-x64@16.1.0":
    resolution:
      { integrity: sha512-Am6VJTp8KhLuAH13tPrAoVIXzuComlZlMwGr++o2KDjWiKPe3VwpxYhgV6I4gKls2EnsIMggL4y7GdXyDdJcFA== }
    engines: { node: ">= 10" }
    cpu: [x64]
    os: [darwin]

  "@next/swc-linux-arm64-gnu@16.1.0":
    resolution:
      { integrity: sha512-fVicfaJT6QfghNyg8JErZ+EMNQ812IS0lmKfbmC01LF1nFBcKfcs4Q75Yy8IqnsCqH/hZwGhqzj3IGVfWV6vpA== }
    engines: { node: ">= 10" }
    cpu: [arm64]
    os: [linux]

  "@next/swc-linux-arm64-musl@16.1.0":
    resolution:
      { integrity: sha512-TojQnDRoX7wJWXEEwdfuJtakMDW64Q7NrxQPviUnfYJvAx5/5wcGE+1vZzQ9F17m+SdpFeeXuOr6v3jbyusYMQ== }
    engines: { node: ">= 10" }
    cpu: [arm64]
    os: [linux]

  "@next/swc-linux-x64-gnu@16.1.0":
    resolution:
      { integrity: sha512-quhNFVySW4QwXiZkZ34SbfzNBm27vLrxZ2HwTfFFO1BBP0OY1+pI0nbyewKeq1FriqU+LZrob/cm26lwsiAi8Q== }
    engines: { node: ">= 10" }
    cpu: [x64]
    os: [linux]

  "@next/swc-linux-x64-musl@16.1.0":
    resolution:
      { integrity: sha512-6JW0z2FZUK5iOVhUIWqE4RblAhUj1EwhZ/MwteGb//SpFTOHydnhbp3868gxalwea+mbOLWO6xgxj9wA9wNvNw== }
    engines: { node: ">= 10" }
    cpu: [x64]
    os: [linux]

  "@next/swc-win32-arm64-msvc@16.1.0":
    resolution:
      { integrity: sha512-+DK/akkAvvXn5RdYN84IOmLkSy87SCmpofJPdB8vbLmf01BzntPBSYXnMvnEEv/Vcf3HYJwt24QZ/s6sWAwOMQ== }
    engines: { node: ">= 10" }
    cpu: [arm64]
    os: [win32]

  "@next/swc-win32-x64-msvc@16.1.0":
    resolution:
      { integrity: sha512-Tr0j94MphimCCks+1rtYPzQFK+faJuhHWCegU9S9gDlgyOk8Y3kPmO64UcjyzZAlligeBtYZ/2bEyrKq0d2wqQ== }
    engines: { node: ">= 10" }
    cpu: [x64]
    os: [win32]

  "@swc/helpers@0.5.15":
    resolution:
      { integrity: sha512-JQ5TuMi45Owi4/BIMAJBoSQoOJu12oOk/gADqlcUL9JEdHB8vyjUSsxqeNXnmXHjYKMi2WcYtezGEEhqUI/E2g== }

  "@types/better-sqlite3@7.6.13":
    resolution:
      { integrity: sha512-NMv9ASNARoKksWtsq/SHakpYAYnhBrQgGD8zkLYk/jaK8jUGn08CfEdTRgYhMypUQAfzSP8W6gNLe0q19/t4VA== }

  "@types/node@24.9.1":
    resolution:
      { integrity: sha512-QoiaXANRkSXK6p0Duvt56W208du4P9Uye9hWLWgGMDTEoKPhuenzNcC4vGUmrNkiOKTlIrBoyNQYNpSwfEZXSg== }

  "@types/react-dom@19.2.3":
    resolution:
      { integrity: sha512-jp2L/eY6fn+KgVVQAOqYItbF0VY/YApe5Mz2F0aykSO8gx31bYCZyvSeYxCHKvzHG5eZjc+zyaS5BrBWya2+kQ== }
    peerDependencies:
      "@types/react": ^19.2.0

  "@types/react@19.2.7":
    resolution:
      { integrity: sha512-MWtvHrGZLFttgeEj28VXHxpmwYbor/ATPYbBfSFZEIRK0ecCFLl2Qo55z52Hss+UV9CRN7trSeq1zbgx7YDWWg== }

  "@types/ws@8.18.1":
    resolution:
      { integrity: sha512-ThVF6DCVhA8kUGy+aazFQ4kXQ7E1Ty7A3ypFOe0IcJV8O/M511G99AW24irKrW56Wt44yG9+ij8FaqoBGkuBXg== }

  "@vercel/speed-insights@1.3.1":
    resolution:
      { integrity: sha512-PbEr7FrMkUrGYvlcLHGkXdCkxnylCWePx7lPxxq36DNdfo9mcUjLOmqOyPDHAOgnfqgGGdmE3XI9L/4+5fr+vQ== }
    peerDependencies:
      "@sveltejs/kit": ^1 || ^2
      next: ">= 13"
      react: ^18 || ^19 || ^19.0.0-rc
      svelte: ">= 4"
      vue: ^3
      vue-router: ^4
    peerDependenciesMeta:
      "@sveltejs/kit":
        optional: true
      next:
        optional: true
      react:
        optional: true
      svelte:
        optional: true
      vue:
        optional: true
      vue-router:
        optional: true

  baseline-browser-mapping@2.9.11:
    resolution:
      { integrity: sha512-Sg0xJUNDU1sJNGdfGWhVHX0kkZ+HWcvmVymJbj6NSgZZmW/8S9Y2HQ5euytnIgakgxN6papOAWiwDo1ctFDcoQ== }
    hasBin: true

  camelcase-css@2.0.1:
    resolution:
      { integrity: sha512-QOSvevhslijgYwRx6Rv7zKdMF8lbRmx+uQGx2+vDc+KI/eBnsy9kit5aj23AgGu3pa4t9AgwbnXWqS+iOY+2aA== }
    engines: { node: ">= 6" }

  caniuse-lite@1.0.30001761:
    resolution:
      { integrity: sha512-JF9ptu1vP2coz98+5051jZ4PwQgd2ni8A+gYSN7EA7dPKIMf0pDlSUxhdmVOaV3/fYK5uWBkgSXJaRLr4+3A6g== }

  client-only@0.0.1:
    resolution:
      { integrity: sha512-IV3Ou0jSMzZrd3pZ48nLkT9DA7Ag1pnPzaiQhpW7c3RbcqqzvzzVu+L8gfqMp/8IM2MQtSiqaCxrrcfu8I8rMA== }

  clsx@2.1.1:
    resolution:
      { integrity: sha512-eYm0QWBtUrBWZWG0d386OGAw16Z995PiOVo2B7bjWSbHedGl5e0ZWaq65kOGgUSNesEIDkB9ISbTg/JK9dhCZA== }
    engines: { node: ">=6" }

  cssesc@3.0.0:
    resolution:
      { integrity: sha512-/Tb/JcjK111nNScGob5MNtsntNM1aCNUDipB/TkwZFhyDrrE47SOx/18wF2bbjgc3ZzCSKW1T5nt5EbFoAz/Vg== }
    engines: { node: ">=4" }
    hasBin: true

  csstype@3.2.3:
    resolution:
      { integrity: sha512-z1HGKcYy2xA8AGQfwrn0PAy+PB7X/GSj3UVJW9qKyn43xWa+gl5nXmU4qqLMRzWVLFC8KusUX8T/0kCiOYpAIQ== }

  data-uri-to-buffer@4.0.1:
    resolution:
      { integrity: sha512-0R9ikRb668HB7QDxT1vkpuUBtqc53YyAwMwGeUFKRojY/NWKvdZ+9UYtRfGmhqNbRkTSVpMbmyhXipFFv2cb/A== }
    engines: { node: ">= 12" }

  detect-libc@2.0.2:
    resolution:
      { integrity: sha512-UX6sGumvvqSaXgdKGUsgZWqcUyIXZ/vZTrlRT/iobiKhGL0zL4d3osHj3uqllWJK+i+sixDS/3COVEOFbupFyw== }
    engines: { node: ">=8" }

  detect-libc@2.1.2:
    resolution:
      { integrity: sha512-Btj2BOOO83o3WyH59e8MgXsxEQVcarkUOpEYrubB0urwnN10yQ364rsiByU11nZlqWYZm05i/of7io4mzihBtQ== }
    engines: { node: ">=8" }

  detect-node-es@1.1.0:
    resolution:
      { integrity: sha512-ypdmJU/TbBby2Dxibuv7ZLW3Bs1QEmM7nHjEANfohJLvE0XVujisn1qPJcZxg+qDucsr+bP6fLD1rPS3AhJ7EQ== }

  fdir@6.5.0:
    resolution:
      { integrity: sha512-tIbYtZbucOs0BRGqPJkshJUYdL+SDH7dVM8gjy+ERp3WAUjLEFJE+02kanyHtwjWOnwrKYBiwAmM0p4kLJAnXg== }
    engines: { node: ">=12.0.0" }
    peerDependencies:
      picomatch: ^3 || ^4
    peerDependenciesMeta:
      picomatch:
        optional: true

  fetch-blob@3.2.0:
    resolution:
      { integrity: sha512-7yAQpD2UMJzLi1Dqv7qFYnPbaPx7ZfFK6PiIxQ4PfkGPyNyl2Ugx+a/umUonmKqjhM4DnfbMvdX6otXq83soQQ== }
    engines: { node: ^12.20 || >= 14.13 }

  formdata-polyfill@4.0.10:
    resolution:
      { integrity: sha512-buewHzMvYL29jdeQTVILecSaZKnt/RJWjoZCF5OW60Z67/GmSLBkOFM7qh1PI3zFNtJbaZL5eQu1vLfazOwj4g== }
    engines: { node: ">=12.20.0" }

  get-nonce@1.0.1:
    resolution:
      { integrity: sha512-FJhYRoDaiatfEkUK8HKlicmu/3SGFD51q3itKDGoSTysQJBnfOcxU5GxnhE1E6soB76MbT0MBtnKJuXyAx+96Q== }
    engines: { node: ">=6" }

  js-base64@3.7.8:
    resolution:
      { integrity: sha512-hNngCeKxIUQiEUN3GPJOkz4wF/YvdUdbNL9hsBcMQTkKzboD7T/q3OYOuuPZLUE6dBxSGpwhk5mwuDud7JVAow== }

  libsql@0.5.22:
    resolution:
      { integrity: sha512-NscWthMQt7fpU8lqd7LXMvT9pi+KhhmTHAJWUB/Lj6MWa0MKFv0F2V4C6WKKpjCVZl0VwcDz4nOI3CyaT1DDiA== }
    cpu: [x64, arm64, wasm32, arm]
    os: [darwin, linux, win32]

  nanoid@3.3.11:
    resolution:
      { integrity: sha512-N8SpfPUnUp1bK+PMYW8qSWdl9U+wwNWI4QKxOYDy9JAro3WMX7p2OeVRF9v+347pnakNevPmiHhNmZ2HbFA76w== }
    engines: { node: ^10 || ^12 || ^13.7 || ^14 || >=15.0.1 }
    hasBin: true

  next@16.1.0:
    resolution:
      { integrity: sha512-Y+KbmDbefYtHDDQKLNrmzE/YYzG2msqo2VXhzh5yrJ54tx/6TmGdkR5+kP9ma7i7LwZpZMfoY3m/AoPPPKxtVw== }
    engines: { node: ">=20.9.0" }
    hasBin: true
    peerDependencies:
      "@opentelemetry/api": ^1.1.0
      "@playwright/test": ^1.51.1
      babel-plugin-react-compiler: "*"
      react: ^18.2.0 || 19.0.0-rc-de68d2f4-20241204 || ^19.0.0
      react-dom: ^18.2.0 || 19.0.0-rc-de68d2f4-20241204 || ^19.0.0
      sass: ^1.3.0
    peerDependenciesMeta:
      "@opentelemetry/api":
        optional: true
      "@playwright/test":
        optional: true
      babel-plugin-react-compiler:
        optional: true
      sass:
        optional: true

  node-domexception@1.0.0:
    resolution:
      { integrity: sha512-/jKZoMpw0F8GRwl4/eLROPA3cfcXtLApP0QzLmUT/HuPCZWyB7IY9ZrMeKw2O/nFIqPQB3PVM9aYm0F312AXDQ== }
    engines: { node: ">=10.5.0" }
    deprecated: Use your platform's native DOMException instead

  node-fetch@3.3.2:
    resolution:
      { integrity: sha512-dRB78srN/l6gqWulah9SrxeYnxeddIG30+GOqK/9OlLVyLg3HPnr6SqOWTWOXKRwC2eGYCkZ59NNuSgvSrpgOA== }
    engines: { node: ^12.20.0 || ^14.13.1 || >=16.0.0 }

  picocolors@1.1.1:
    resolution:
      { integrity: sha512-xceH2snhtb5M9liqDsmEw56le376mTZkEX/jEb/RxNFyegNul7eNslCXP9FDj/Lcu0X8KEyMceP2ntpaHrDEVA== }

  picomatch@4.0.3:
    resolution:
      { integrity: sha512-5gTmgEY/sqK6gFXLIsQNH19lWb4ebPDLA4SdLP7dsWkIXHWlG66oPuVvXSGFPppYZz8ZDZq0dYYrbHfBCVUb1Q== }
    engines: { node: ">=12" }

  postcss-js@4.1.0:
    resolution:
      { integrity: sha512-oIAOTqgIo7q2EOwbhb8UalYePMvYoIeRY2YKntdpFQXNosSu3vLrniGgmH9OKs/qAkfoj5oB3le/7mINW1LCfw== }
    engines: { node: ^12 || ^14 || >= 16 }
    peerDependencies:
      postcss: ^8.4.21

  postcss-mixins@12.1.2:
    resolution:
      { integrity: sha512-90pSxmZVfbX9e5xCv7tI5RV1mnjdf16y89CJKbf/hD7GyOz1FCxcYMl8ZYA8Hc56dbApTKKmU9HfvgfWdCxlwg== }
    engines: { node: ^20.0 || ^22.0 || >=24.0 }
    peerDependencies:
      postcss: ^8.2.14

  postcss-nested@7.0.2:
    resolution:
      { integrity: sha512-5osppouFc0VR9/VYzYxO03VaDa3e8F23Kfd6/9qcZTUI8P58GIYlArOET2Wq0ywSl2o2PjELhYOFI4W7l5QHKw== }
    engines: { node: ">=18.0" }
    peerDependencies:
      postcss: ^8.2.14

  postcss-preset-mantine@1.18.0:
    resolution:
      { integrity: sha512-sP6/s1oC7cOtBdl4mw/IRKmKvYTuzpRrH/vT6v9enMU/EQEQ31eQnHcWtFghOXLH87AAthjL/Q75rLmin1oZoA== }
    peerDependencies:
      postcss: ">=8.0.0"

  postcss-selector-parser@7.1.1:
    resolution:
      { integrity: sha512-orRsuYpJVw8LdAwqqLykBj9ecS5/cRHlI5+nvTo8LcCKmzDmqVORXtOIYEEQuL9D4BxtA1lm5isAqzQZCoQ6Eg== }
    engines: { node: ">=4" }

  postcss-simple-vars@7.0.1:
    resolution:
      { integrity: sha512-5GLLXaS8qmzHMOjVxqkk1TZPf1jMqesiI7qLhnlyERalG0sMbHIbJqrcnrpmZdKCLglHnRHoEBB61RtGTsj++A== }
    engines: { node: ">=14.0" }
    peerDependencies:
      postcss: ^8.2.1

  postcss@8.4.31:
    resolution:
      { integrity: sha512-PS08Iboia9mts/2ygV3eLpY5ghnUcfLV/EXTOW1E2qYxJKGGBUtNjN76FYHnMs36RmARn41bC0AZmn+rR0OVpQ== }
    engines: { node: ^10 || ^12 || >=14 }

  postcss@8.5.6:
    resolution:
      { integrity: sha512-3Ybi1tAuwAP9s0r1UQ2J4n5Y0G05bJkpUIO0/bI9MhwmD70S5aTWbXGBwxHrelT+XM1k6dM0pk+SwNkpTRN7Pg== }
    engines: { node: ^10 || ^12 || >=14 }

  prettier@3.7.4:
    resolution:
      { integrity: sha512-v6UNi1+3hSlVvv8fSaoUbggEM5VErKmmpGA7Pl3HF8V6uKY7rvClBOJlH6yNwQtfTueNkGVpOv/mtWL9L4bgRA== }
    engines: { node: ">=14" }
    hasBin: true

  promise-limit@2.7.0:
    resolution:
      { integrity: sha512-7nJ6v5lnJsXwGprnGXga4wx6d1POjvi5Qmf1ivTRxTjH4Z/9Czja/UCMLVmB9N93GeWOU93XaFaEt6jbuoagNw== }

  react-dom@19.2.3:
    resolution:
      { integrity: sha512-yELu4WmLPw5Mr/lmeEpox5rw3RETacE++JgHqQzd2dg+YbJuat3jH4ingc+WPZhxaoFzdv9y33G+F7Nl5O0GBg== }
    peerDependencies:
      react: ^19.2.3

  react-icons@5.5.0:
    resolution:
      { integrity: sha512-MEFcXdkP3dLo8uumGI5xN3lDFNsRtrjbOEKDLD7yv76v4wpnEq2Lt2qeHaQOr34I/wPN3s3+N08WkQ+CW37Xiw== }
    peerDependencies:
      react: "*"

  react-number-format@5.4.4:
    resolution:
      { integrity: sha512-wOmoNZoOpvMminhifQYiYSTCLUDOiUbBunrMrMjA+dV52sY+vck1S4UhR6PkgnoCquvvMSeJjErXZ4qSaWCliA== }
    peerDependencies:
      react: ^0.14 || ^15.0.0 || ^16.0.0 || ^17.0.0 || ^18.0.0 || ^19.0.0
      react-dom: ^0.14 || ^15.0.0 || ^16.0.0 || ^17.0.0 || ^18.0.0 || ^19.0.0

  react-remove-scroll-bar@2.3.8:
    resolution:
      { integrity: sha512-9r+yi9+mgU33AKcj6IbT9oRCO78WriSj6t/cF8DWBZJ9aOGPOTEDvdUDz1FwKim7QXWwmHqtdHnRJfhAxEG46Q== }
    engines: { node: ">=10" }
    peerDependencies:
      "@types/react": "*"
      react: ^16.8.0 || ^17.0.0 || ^18.0.0 || ^19.0.0
    peerDependenciesMeta:
      "@types/react":
        optional: true

  react-remove-scroll@2.7.2:
    resolution:
      { integrity: sha512-Iqb9NjCCTt6Hf+vOdNIZGdTiH1QSqr27H/Ek9sv/a97gfueI/5h1s3yRi1nngzMUaOOToin5dI1dXKdXiF+u0Q== }
    engines: { node: ">=10" }
    peerDependencies:
      "@types/react": "*"
      react: ^16.8.0 || ^17.0.0 || ^18.0.0 || ^19.0.0 || ^19.0.0-rc
    peerDependenciesMeta:
      "@types/react":
        optional: true

  react-style-singleton@2.2.3:
    resolution:
      { integrity: sha512-b6jSvxvVnyptAiLjbkWLE/lOnR4lfTtDAl+eUC7RZy+QQWc6wRzIV2CE6xBuMmDxc2qIihtDCZD5NPOFl7fRBQ== }
    engines: { node: ">=10" }
    peerDependencies:
      "@types/react": "*"
      react: ^16.8.0 || ^17.0.0 || ^18.0.0 || ^19.0.0 || ^19.0.0-rc
    peerDependenciesMeta:
      "@types/react":
        optional: true

  react-textarea-autosize@8.5.9:
    resolution:
      { integrity: sha512-U1DGlIQN5AwgjTyOEnI1oCcMuEr1pv1qOtklB2l4nyMGbHzWrI0eFsYK0zos2YWqAolJyG0IWJaqWmWj5ETh0A== }
    engines: { node: ">=10" }
    peerDependencies:
      react: ^16.8.0 || ^17.0.0 || ^18.0.0 || ^19.0.0

  react@19.2.3:
    resolution:
      { integrity: sha512-Ku/hhYbVjOQnXDZFv2+RibmLFGwFdeeKHFcOTlrt7xplBnya5OGn/hIRDsqDiSUcfORsDC7MPxwork8jBwsIWA== }
    engines: { node: ">=0.10.0" }

  scheduler@0.27.0:
    resolution:
      { integrity: sha512-eNv+WrVbKu1f3vbYJT/xtiF5syA5HPIMtf9IgY/nKg0sWqzAUEvqY/xm7OcZc/qafLx/iO9FgOmeSAp4v5ti/Q== }

  semver@7.7.3:
    resolution:
      { integrity: sha512-SdsKMrI9TdgjdweUSR9MweHA4EJ8YxHn8DFaDisvhVlUOe4BF1tLD7GAj0lIqWVl+dPb/rExr0Btby5loQm20Q== }
    engines: { node: ">=10" }
    hasBin: true

  sharp@0.34.5:
    resolution:
      { integrity: sha512-Ou9I5Ft9WNcCbXrU9cMgPBcCK8LiwLqcbywW3t4oDV37n1pzpuNLsYiAV8eODnjbtQlSDwZ2cUEeQz4E54Hltg== }
    engines: { node: ^18.17.0 || ^20.3.0 || >=21.0.0 }

  source-map-js@1.2.1:
    resolution:
      { integrity: sha512-UXWMKhLOwVKb728IUtQPXxfYU+usdybtUrK/8uGE8CQMvrhOpwvzDBwj0QhSL7MQc7vIsISBG8VQ8+IDQxpfQA== }
    engines: { node: ">=0.10.0" }

  styled-jsx@5.1.6:
    resolution:
      { integrity: sha512-qSVyDTeMotdvQYoHWLNGwRFJHC+i+ZvdBRYosOFgC+Wg1vx4frN2/RG/NA7SYqqvKNLf39P2LSRA2pu6n0XYZA== }
    engines: { node: ">= 12.0.0" }
    peerDependencies:
      "@babel/core": "*"
      babel-plugin-macros: "*"
      react: ">= 16.8.0 || 17.x.x || ^18.0.0-0 || ^19.0.0-0"
    peerDependenciesMeta:
      "@babel/core":
        optional: true
      babel-plugin-macros:
        optional: true

  sugarss@5.0.1:
    resolution:
      { integrity: sha512-ctS5RYCBVvPoZAnzIaX5QSShK8ZiZxD5HUqSxlusvEMC+QZQIPCPOIJg6aceFX+K2rf4+SH89eu++h1Zmsr2nw== }
    engines: { node: ">=18.0" }
    peerDependencies:
      postcss: ^8.3.3

  tabbable@6.3.0:
    resolution:
      { integrity: sha512-EIHvdY5bPLuWForiR/AN2Bxngzpuwn1is4asboytXtpTgsArc+WmSJKVLlhdh71u7jFcryDqB2A8lQvj78MkyQ== }

  tinyglobby@0.2.15:
    resolution:
      { integrity: sha512-j2Zq4NyQYG5XMST4cbs02Ak8iJUdxRM0XI5QyxXuZOzKOINmWurp3smXu3y5wDcJrptwpSjgXHzIQxR0omXljQ== }
    engines: { node: ">=12.0.0" }

  tslib@2.8.1:
    resolution:
      { integrity: sha512-oJFu94HQb+KVduSUQL7wnpmqnfmLsOA/nAh6b6EH0wCEoK0/mPeXU6c3wKDV83MkOuHPRHtSXKKU99IBazS/2w== }

  type-fest@4.41.0:
    resolution:
      { integrity: sha512-TeTSQ6H5YHvpqVwBRcnLDCBnDOHWYu7IvGbHT6N8AOymcr9PJGjc1GTtiWZTYg0NCgYwvnYWEkVChQAr9bjfwA== }
    engines: { node: ">=16" }

  typescript@5.9.3:
    resolution:
      { integrity: sha512-jl1vZzPDinLr9eUt3J/t7V6FgNEw9QjvBPdysz9KfQDD41fQrC2Y4vKQdiaUpFT4bXlb1RHhLpp8wtm6M5TgSw== }
    engines: { node: ">=14.17" }
    hasBin: true

  undici-types@7.16.0:
    resolution:
      { integrity: sha512-Zz+aZWSj8LE6zoxD+xrjh4VfkIG8Ya6LvYkZqtUQGJPZjYl53ypCaUwWqo7eI0x66KBGeRo+mlBEkMSeSZ38Nw== }

  use-callback-ref@1.3.3:
    resolution:
      { integrity: sha512-jQL3lRnocaFtu3V00JToYz/4QkNWswxijDaCVNZRiRTO3HQDLsdu1ZtmIUvV4yPp+rvWm5j0y0TG/S61cuijTg== }
    engines: { node: ">=10" }
    peerDependencies:
      "@types/react": "*"
      react: ^16.8.0 || ^17.0.0 || ^18.0.0 || ^19.0.0 || ^19.0.0-rc
    peerDependenciesMeta:
      "@types/react":
        optional: true

  use-composed-ref@1.4.0:
    resolution:
      { integrity: sha512-djviaxuOOh7wkj0paeO1Q/4wMZ8Zrnag5H6yBvzN7AKKe8beOaED9SF5/ByLqsku8NP4zQqsvM2u3ew/tJK8/w== }
    peerDependencies:
      "@types/react": "*"
      react: ^16.8.0 || ^17.0.0 || ^18.0.0 || ^19.0.0
    peerDependenciesMeta:
      "@types/react":
        optional: true

  use-isomorphic-layout-effect@1.2.1:
    resolution:
      { integrity: sha512-tpZZ+EX0gaghDAiFR37hj5MgY6ZN55kLiPkJsKxBMZ6GZdOSPJXiOzPM984oPYZ5AnehYx5WQp1+ME8I/P/pRA== }
    peerDependencies:
      "@types/react": "*"
      react: ^16.8.0 || ^17.0.0 || ^18.0.0 || ^19.0.0
    peerDependenciesMeta:
      "@types/react":
        optional: true

  use-latest@1.3.0:
    resolution:
      { integrity: sha512-mhg3xdm9NaM8q+gLT8KryJPnRFOz1/5XPBhmDEVZK1webPzDjrPk7f/mbpeLqTgB9msytYWANxgALOCJKnLvcQ== }
    peerDependencies:
      "@types/react": "*"
      react: ^16.8.0 || ^17.0.0 || ^18.0.0 || ^19.0.0
    peerDependenciesMeta:
      "@types/react":
        optional: true

  use-sidecar@1.1.3:
    resolution:
      { integrity: sha512-Fedw0aZvkhynoPYlA5WXrMCAMm+nSWdZt6lzJQ7Ok8S6Q+VsHmHpRWndVRJ8Be0ZbkfPc5LRYH+5XrzXcEeLRQ== }
    engines: { node: ">=10" }
    peerDependencies:
      "@types/react": "*"
      react: ^16.8.0 || ^17.0.0 || ^18.0.0 || ^19.0.0 || ^19.0.0-rc
    peerDependenciesMeta:
      "@types/react":
        optional: true

  util-deprecate@1.0.2:
    resolution:
      { integrity: sha512-EPD5q1uXyFxJpCrLnCc1nHnq3gOa6DZBocAIiI2TaSCA7VCJ1UJDMagCzIkXNsUYfD1daK//LTEQ8xiIbrHtcw== }

  web-streams-polyfill@3.3.3:
    resolution:
      { integrity: sha512-d2JWLCivmZYTSIoge9MsgFCZrt571BikcWGYkjC1khllbTeDlGqZ2D8vD8E/lJa8WGWbb7Plm8/XJYV7IJHZZw== }
    engines: { node: ">= 8" }

  ws@8.18.3:
    resolution:
      { integrity: sha512-PEIGCY5tSlUt50cqyMXfCzX+oOPqN0vuGqWzbcJ2xvnkzkq46oOpz7dQaTDBdfICb4N14+GARUDw2XV2N4tvzg== }
    engines: { node: ">=10.0.0" }
    peerDependencies:
      bufferutil: ^4.0.1
      utf-8-validate: ">=5.0.2"
    peerDependenciesMeta:
      bufferutil:
        optional: true
      utf-8-validate:
        optional: true

snapshots:
  "@babel/runtime@7.28.4": {}

  "@emnapi/runtime@1.7.1":
    dependencies:
      tslib: 2.8.1
    optional: true

  "@floating-ui/core@1.7.3":
    dependencies:
      "@floating-ui/utils": 0.2.10

  "@floating-ui/dom@1.7.4":
    dependencies:
      "@floating-ui/core": 1.7.3
      "@floating-ui/utils": 0.2.10

  "@floating-ui/react-dom@2.1.6(react-dom@19.2.3(react@19.2.3))(react@19.2.3)":
    dependencies:
      "@floating-ui/dom": 1.7.4
      react: 19.2.3
      react-dom: 19.2.3(react@19.2.3)

  "@floating-ui/react@0.27.16(react-dom@19.2.3(react@19.2.3))(react@19.2.3)":
    dependencies:
      "@floating-ui/react-dom": 2.1.6(react-dom@19.2.3(react@19.2.3))(react@19.2.3)
      "@floating-ui/utils": 0.2.10
      react: 19.2.3
      react-dom: 19.2.3(react@19.2.3)
      tabbable: 6.3.0

  "@floating-ui/utils@0.2.10": {}

  "@img/colour@1.0.0":
    optional: true

  "@img/sharp-darwin-arm64@0.34.5":
    optionalDependencies:
      "@img/sharp-libvips-darwin-arm64": 1.2.4
    optional: true

  "@img/sharp-darwin-x64@0.34.5":
    optionalDependencies:
      "@img/sharp-libvips-darwin-x64": 1.2.4
    optional: true

  "@img/sharp-libvips-darwin-arm64@1.2.4":
    optional: true

  "@img/sharp-libvips-darwin-x64@1.2.4":
    optional: true

  "@img/sharp-libvips-linux-arm64@1.2.4":
    optional: true

  "@img/sharp-libvips-linux-arm@1.2.4":
    optional: true

  "@img/sharp-libvips-linux-ppc64@1.2.4":
    optional: true

  "@img/sharp-libvips-linux-riscv64@1.2.4":
    optional: true

  "@img/sharp-libvips-linux-s390x@1.2.4":
    optional: true

  "@img/sharp-libvips-linux-x64@1.2.4":
    optional: true

  "@img/sharp-libvips-linuxmusl-arm64@1.2.4":
    optional: true

  "@img/sharp-libvips-linuxmusl-x64@1.2.4":
    optional: true

  "@img/sharp-linux-arm64@0.34.5":
    optionalDependencies:
      "@img/sharp-libvips-linux-arm64": 1.2.4
    optional: true

  "@img/sharp-linux-arm@0.34.5":
    optionalDependencies:
      "@img/sharp-libvips-linux-arm": 1.2.4
    optional: true

  "@img/sharp-linux-ppc64@0.34.5":
    optionalDependencies:
      "@img/sharp-libvips-linux-ppc64": 1.2.4
    optional: true

  "@img/sharp-linux-riscv64@0.34.5":
    optionalDependencies:
      "@img/sharp-libvips-linux-riscv64": 1.2.4
    optional: true

  "@img/sharp-linux-s390x@0.34.5":
    optionalDependencies:
      "@img/sharp-libvips-linux-s390x": 1.2.4
    optional: true

  "@img/sharp-linux-x64@0.34.5":
    optionalDependencies:
      "@img/sharp-libvips-linux-x64": 1.2.4
    optional: true

  "@img/sharp-linuxmusl-arm64@0.34.5":
    optionalDependencies:
      "@img/sharp-libvips-linuxmusl-arm64": 1.2.4
    optional: true

  "@img/sharp-linuxmusl-x64@0.34.5":
    optionalDependencies:
      "@img/sharp-libvips-linuxmusl-x64": 1.2.4
    optional: true

  "@img/sharp-wasm32@0.34.5":
    dependencies:
      "@emnapi/runtime": 1.7.1
    optional: true

  "@img/sharp-win32-arm64@0.34.5":
    optional: true

  "@img/sharp-win32-ia32@0.34.5":
    optional: true

  "@img/sharp-win32-x64@0.34.5":
    optional: true

  "@libsql/client@0.15.15":
    dependencies:
      "@libsql/core": 0.15.15
      "@libsql/hrana-client": 0.7.0
      js-base64: 3.7.8
      libsql: 0.5.22
      promise-limit: 2.7.0
    transitivePeerDependencies:
      - bufferutil
      - utf-8-validate

  "@libsql/core@0.15.15":
    dependencies:
      js-base64: 3.7.8

  "@libsql/darwin-arm64@0.5.22":
    optional: true

  "@libsql/darwin-x64@0.5.22":
    optional: true

  "@libsql/hrana-client@0.7.0":
    dependencies:
      "@libsql/isomorphic-fetch": 0.3.1
      "@libsql/isomorphic-ws": 0.1.5
      js-base64: 3.7.8
      node-fetch: 3.3.2
    transitivePeerDependencies:
      - bufferutil
      - utf-8-validate

  "@libsql/isomorphic-fetch@0.3.1": {}

  "@libsql/isomorphic-ws@0.1.5":
    dependencies:
      "@types/ws": 8.18.1
      ws: 8.18.3
    transitivePeerDependencies:
      - bufferutil
      - utf-8-validate

  "@libsql/linux-arm-gnueabihf@0.5.22":
    optional: true

  "@libsql/linux-arm-musleabihf@0.5.22":
    optional: true

  "@libsql/linux-arm64-gnu@0.5.22":
    optional: true

  "@libsql/linux-arm64-musl@0.5.22":
    optional: true

  "@libsql/linux-x64-gnu@0.5.22":
    optional: true

  "@libsql/linux-x64-musl@0.5.22":
    optional: true

  "@libsql/win32-x64-msvc@0.5.22":
    optional: true

  "@mantine/core@8.3.10(@mantine/hooks@8.3.10(react@19.2.3))(@types/react@19.2.7)(react-dom@19.2.3(react@19.2.3))(react@19.2.3)":
    dependencies:
      "@floating-ui/react": 0.27.16(react-dom@19.2.3(react@19.2.3))(react@19.2.3)
      "@mantine/hooks": 8.3.10(react@19.2.3)
      clsx: 2.1.1
      react: 19.2.3
      react-dom: 19.2.3(react@19.2.3)
      react-number-format: 5.4.4(react-dom@19.2.3(react@19.2.3))(react@19.2.3)
      react-remove-scroll: 2.7.2(@types/react@19.2.7)(react@19.2.3)
      react-textarea-autosize: 8.5.9(@types/react@19.2.7)(react@19.2.3)
      type-fest: 4.41.0
    transitivePeerDependencies:
      - "@types/react"

  "@mantine/hooks@8.3.10(react@19.2.3)":
    dependencies:
      react: 19.2.3

  "@neon-rs/load@0.0.4": {}

  "@next/env@16.1.0": {}

  "@next/swc-darwin-arm64@16.1.0":
    optional: true

  "@next/swc-darwin-x64@16.1.0":
    optional: true

  "@next/swc-linux-arm64-gnu@16.1.0":
    optional: true

  "@next/swc-linux-arm64-musl@16.1.0":
    optional: true

  "@next/swc-linux-x64-gnu@16.1.0":
    optional: true

  "@next/swc-linux-x64-musl@16.1.0":
    optional: true

  "@next/swc-win32-arm64-msvc@16.1.0":
    optional: true

  "@next/swc-win32-x64-msvc@16.1.0":
    optional: true

  "@swc/helpers@0.5.15":
    dependencies:
      tslib: 2.8.1

  "@types/better-sqlite3@7.6.13":
    dependencies:
      "@types/node": 24.9.1

  "@types/node@24.9.1":
    dependencies:
      undici-types: 7.16.0

  "@types/react-dom@19.2.3(@types/react@19.2.7)":
    dependencies:
      "@types/react": 19.2.7

  "@types/react@19.2.7":
    dependencies:
      csstype: 3.2.3

  "@types/ws@8.18.1":
    dependencies:
      "@types/node": 24.9.1

  "@vercel/speed-insights@1.3.1(next@16.1.0(react-dom@19.2.3(react@19.2.3))(react@19.2.3))(react@19.2.3)":
    optionalDependencies:
      next: 16.1.0(react-dom@19.2.3(react@19.2.3))(react@19.2.3)
      react: 19.2.3

  baseline-browser-mapping@2.9.11: {}

  camelcase-css@2.0.1: {}

  caniuse-lite@1.0.30001761: {}

  client-only@0.0.1: {}

  clsx@2.1.1: {}

  cssesc@3.0.0: {}

  csstype@3.2.3: {}

  data-uri-to-buffer@4.0.1: {}

  detect-libc@2.0.2: {}

  detect-libc@2.1.2:
    optional: true

  detect-node-es@1.1.0: {}

  fdir@6.5.0(picomatch@4.0.3):
    optionalDependencies:
      picomatch: 4.0.3

  fetch-blob@3.2.0:
    dependencies:
      node-domexception: 1.0.0
      web-streams-polyfill: 3.3.3

  formdata-polyfill@4.0.10:
    dependencies:
      fetch-blob: 3.2.0

  get-nonce@1.0.1: {}

  js-base64@3.7.8: {}

  libsql@0.5.22:
    dependencies:
      "@neon-rs/load": 0.0.4
      detect-libc: 2.0.2
    optionalDependencies:
      "@libsql/darwin-arm64": 0.5.22
      "@libsql/darwin-x64": 0.5.22
      "@libsql/linux-arm-gnueabihf": 0.5.22
      "@libsql/linux-arm-musleabihf": 0.5.22
      "@libsql/linux-arm64-gnu": 0.5.22
      "@libsql/linux-arm64-musl": 0.5.22
      "@libsql/linux-x64-gnu": 0.5.22
      "@libsql/linux-x64-musl": 0.5.22
      "@libsql/win32-x64-msvc": 0.5.22

  nanoid@3.3.11: {}

  next@16.1.0(react-dom@19.2.3(react@19.2.3))(react@19.2.3):
    dependencies:
      "@next/env": 16.1.0
      "@swc/helpers": 0.5.15
      baseline-browser-mapping: 2.9.11
      caniuse-lite: 1.0.30001761
      postcss: 8.4.31
      react: 19.2.3
      react-dom: 19.2.3(react@19.2.3)
      styled-jsx: 5.1.6(react@19.2.3)
    optionalDependencies:
      "@next/swc-darwin-arm64": 16.1.0
      "@next/swc-darwin-x64": 16.1.0
      "@next/swc-linux-arm64-gnu": 16.1.0
      "@next/swc-linux-arm64-musl": 16.1.0
      "@next/swc-linux-x64-gnu": 16.1.0
      "@next/swc-linux-x64-musl": 16.1.0
      "@next/swc-win32-arm64-msvc": 16.1.0
      "@next/swc-win32-x64-msvc": 16.1.0
      sharp: 0.34.5
    transitivePeerDependencies:
      - "@babel/core"
      - babel-plugin-macros

  node-domexception@1.0.0: {}

  node-fetch@3.3.2:
    dependencies:
      data-uri-to-buffer: 4.0.1
      fetch-blob: 3.2.0
      formdata-polyfill: 4.0.10

  picocolors@1.1.1: {}

  picomatch@4.0.3: {}

  postcss-js@4.1.0(postcss@8.5.6):
    dependencies:
      camelcase-css: 2.0.1
      postcss: 8.5.6

  postcss-mixins@12.1.2(postcss@8.5.6):
    dependencies:
      postcss: 8.5.6
      postcss-js: 4.1.0(postcss@8.5.6)
      postcss-simple-vars: 7.0.1(postcss@8.5.6)
      sugarss: 5.0.1(postcss@8.5.6)
      tinyglobby: 0.2.15

  postcss-nested@7.0.2(postcss@8.5.6):
    dependencies:
      postcss: 8.5.6
      postcss-selector-parser: 7.1.1

  postcss-preset-mantine@1.18.0(postcss@8.5.6):
    dependencies:
      postcss: 8.5.6
      postcss-mixins: 12.1.2(postcss@8.5.6)
      postcss-nested: 7.0.2(postcss@8.5.6)

  postcss-selector-parser@7.1.1:
    dependencies:
      cssesc: 3.0.0
      util-deprecate: 1.0.2

  postcss-simple-vars@7.0.1(postcss@8.5.6):
    dependencies:
      postcss: 8.5.6

  postcss@8.4.31:
    dependencies:
      nanoid: 3.3.11
      picocolors: 1.1.1
      source-map-js: 1.2.1

  postcss@8.5.6:
    dependencies:
      nanoid: 3.3.11
      picocolors: 1.1.1
      source-map-js: 1.2.1

  prettier@3.7.4: {}

  promise-limit@2.7.0: {}

  react-dom@19.2.3(react@19.2.3):
    dependencies:
      react: 19.2.3
      scheduler: 0.27.0

  react-icons@5.5.0(react@19.2.3):
    dependencies:
      react: 19.2.3

  react-number-format@5.4.4(react-dom@19.2.3(react@19.2.3))(react@19.2.3):
    dependencies:
      react: 19.2.3
      react-dom: 19.2.3(react@19.2.3)

  react-remove-scroll-bar@2.3.8(@types/react@19.2.7)(react@19.2.3):
    dependencies:
      react: 19.2.3
      react-style-singleton: 2.2.3(@types/react@19.2.7)(react@19.2.3)
      tslib: 2.8.1
    optionalDependencies:
      "@types/react": 19.2.7

  react-remove-scroll@2.7.2(@types/react@19.2.7)(react@19.2.3):
    dependencies:
      react: 19.2.3
      react-remove-scroll-bar: 2.3.8(@types/react@19.2.7)(react@19.2.3)
      react-style-singleton: 2.2.3(@types/react@19.2.7)(react@19.2.3)
      tslib: 2.8.1
      use-callback-ref: 1.3.3(@types/react@19.2.7)(react@19.2.3)
      use-sidecar: 1.1.3(@types/react@19.2.7)(react@19.2.3)
    optionalDependencies:
      "@types/react": 19.2.7

  react-style-singleton@2.2.3(@types/react@19.2.7)(react@19.2.3):
    dependencies:
      get-nonce: 1.0.1
      react: 19.2.3
      tslib: 2.8.1
    optionalDependencies:
      "@types/react": 19.2.7

  react-textarea-autosize@8.5.9(@types/react@19.2.7)(react@19.2.3):
    dependencies:
      "@babel/runtime": 7.28.4
      react: 19.2.3
      use-composed-ref: 1.4.0(@types/react@19.2.7)(react@19.2.3)
      use-latest: 1.3.0(@types/react@19.2.7)(react@19.2.3)
    transitivePeerDependencies:
      - "@types/react"

  react@19.2.3: {}

  scheduler@0.27.0: {}

  semver@7.7.3:
    optional: true

  sharp@0.34.5:
    dependencies:
      "@img/colour": 1.0.0
      detect-libc: 2.1.2
      semver: 7.7.3
    optionalDependencies:
      "@img/sharp-darwin-arm64": 0.34.5
      "@img/sharp-darwin-x64": 0.34.5
      "@img/sharp-libvips-darwin-arm64": 1.2.4
      "@img/sharp-libvips-darwin-x64": 1.2.4
      "@img/sharp-libvips-linux-arm": 1.2.4
      "@img/sharp-libvips-linux-arm64": 1.2.4
      "@img/sharp-libvips-linux-ppc64": 1.2.4
      "@img/sharp-libvips-linux-riscv64": 1.2.4
      "@img/sharp-libvips-linux-s390x": 1.2.4
      "@img/sharp-libvips-linux-x64": 1.2.4
      "@img/sharp-libvips-linuxmusl-arm64": 1.2.4
      "@img/sharp-libvips-linuxmusl-x64": 1.2.4
      "@img/sharp-linux-arm": 0.34.5
      "@img/sharp-linux-arm64": 0.34.5
      "@img/sharp-linux-ppc64": 0.34.5
      "@img/sharp-linux-riscv64": 0.34.5
      "@img/sharp-linux-s390x": 0.34.5
      "@img/sharp-linux-x64": 0.34.5
      "@img/sharp-linuxmusl-arm64": 0.34.5
      "@img/sharp-linuxmusl-x64": 0.34.5
      "@img/sharp-wasm32": 0.34.5
      "@img/sharp-win32-arm64": 0.34.5
      "@img/sharp-win32-ia32": 0.34.5
      "@img/sharp-win32-x64": 0.34.5
    optional: true

  source-map-js@1.2.1: {}

  styled-jsx@5.1.6(react@19.2.3):
    dependencies:
      client-only: 0.0.1
      react: 19.2.3

  sugarss@5.0.1(postcss@8.5.6):
    dependencies:
      postcss: 8.5.6

  tabbable@6.3.0: {}

  tinyglobby@0.2.15:
    dependencies:
      fdir: 6.5.0(picomatch@4.0.3)
      picomatch: 4.0.3

  tslib@2.8.1: {}

  type-fest@4.41.0: {}

  typescript@5.9.3: {}

  undici-types@7.16.0: {}

  use-callback-ref@1.3.3(@types/react@19.2.7)(react@19.2.3):
    dependencies:
      react: 19.2.3
      tslib: 2.8.1
    optionalDependencies:
      "@types/react": 19.2.7

  use-composed-ref@1.4.0(@types/react@19.2.7)(react@19.2.3):
    dependencies:
      react: 19.2.3
    optionalDependencies:
      "@types/react": 19.2.7

  use-isomorphic-layout-effect@1.2.1(@types/react@19.2.7)(react@19.2.3):
    dependencies:
      react: 19.2.3
    optionalDependencies:
      "@types/react": 19.2.7

  use-latest@1.3.0(@types/react@19.2.7)(react@19.2.3):
    dependencies:
      react: 19.2.3
      use-isomorphic-layout-effect: 1.2.1(@types/react@19.2.7)(react@19.2.3)
    optionalDependencies:
      "@types/react": 19.2.7

  use-sidecar@1.1.3(@types/react@19.2.7)(react@19.2.3):
    dependencies:
      detect-node-es: 1.1.0
      react: 19.2.3
      tslib: 2.8.1
    optionalDependencies:
      "@types/react": 19.2.7

  util-deprecate@1.0.2: {}

  web-streams-polyfill@3.3.3: {}

  ws@8.18.3: {}
